PODS:
  - Alamofire (5.7.1)
  - SDWebImage (5.17.0):
    - SDWebImage/Core (= 5.17.0)
  - SDWebImage/Core (5.17.0)
  - SVPullToRefresh (0.4.1)

DEPENDENCIES:
  - Alamofire
  - SDWebImage
  - SVPullToRefresh

SPEC REPOS:
  trunk:
    - Alamofire
    - SDWebImage
    - SVPullToRefresh

SPEC CHECKSUMS:
  Alamofire: 0123a34370cb170936ae79a8df46cc62b2edeb88
  SDWebImage: 750adf017a315a280c60fde706ab1e552a3ae4e9
  SVPullToRefresh: ba2e718695a43253d8bea6852d2960097dc15d8c

PODFILE CHECKSUM: 8c308ce91cbb628d38efcae440456d1f66cf9c08

COCOAPODS: 1.11.3
